// !$*UTF8*$!
{
	archiveVersion = 1;
	classes = {
	};
	objectVersion = 50;
	objects = {

/* Begin PBXBuildFile section */
		AABE16E89F6B79AA233CFCBA /* Pods_news_iosTests.framework in Frameworks */ = {isa = PBXBuildFile; fileRef = C6A6DB1DBE6385D33A8D9530 /* Pods_news_iosTests.framework */; };
		CBEDDE7324A7FDC100252979 /* FeedTableViewController.swift in Sources */ = {isa = PBXBuildFile; fileRef = CBEDDE7224A7FDC100252979 /* FeedTableViewController.swift */; };
		CBEDDE7724A7FFA400252979 /* MainTabBarController.swift in Sources */ = {isa = PBXBuildFile; fileRef = CBEDDE7624A7FFA400252979 /* MainTabBarController.swift */; };
		CBEDDE7924A7FFE200252979 /* ProfileViewController.swift in Sources */ = {isa = PBXBuildFile; fileRef = CBEDDE7824A7FFE200252979 /* ProfileViewController.swift */; };
		CBEDDE7C24A801D600252979 /* FeedTableViewCell.swift in Sources */ = {isa = PBXBuildFile; fileRef = CBEDDE7B24A801D600252979 /* FeedTableViewCell.swift */; };
		CBEDDE8324A810EA00252979 /* Article.swift in Sources */ = {isa = PBXBuildFile; fileRef = CBEDDE8224A810EA00252979 /* Article.swift */; };
		CBEDDE8624A8131000252979 /* Extensions.swift in Sources */ = {isa = PBXBuildFile; fileRef = CBEDDE8524A8131000252979 /* Extensions.swift */; };
		CBEDDE8824A81D7D00252979 /* GlobalState.swift in Sources */ = {isa = PBXBuildFile; fileRef = CBEDDE8724A81D7D00252979 /* GlobalState.swift */; };
		CBEDDE8A24A81DD500252979 /* AlertActions.swift in Sources */ = {isa = PBXBuildFile; fileRef = CBEDDE8924A81DD500252979 /* AlertActions.swift */; };
		CBEDDE8C24A82CCA00252979 /* API.swift in Sources */ = {isa = PBXBuildFile; fileRef = CBEDDE8B24A82CCA00252979 /* API.swift */; };
		CBEDDE9024A8393000252979 /* HistoryTableViewCell.swift in Sources */ = {isa = PBXBuildFile; fileRef = CBEDDE8F24A8393000252979 /* HistoryTableViewCell.swift */; };
		CBFED65B24A7EFEA0097B2A2 /* AppDelegate.swift in Sources */ = {isa = PBXBuildFile; fileRef = CBFED65A24A7EFEA0097B2A2 /* AppDelegate.swift */; };
		CBFED65D24A7EFEA0097B2A2 /* SceneDelegate.swift in Sources */ = {isa = PBXBuildFile; fileRef = CBFED65C24A7EFEA0097B2A2 /* SceneDelegate.swift */; };
		CBFED65F24A7EFEA0097B2A2 /* ViewController.swift in Sources */ = {isa = PBXBuildFile; fileRef = CBFED65E24A7EFEA0097B2A2 /* ViewController.swift */; };
		CBFED66224A7EFEA0097B2A2 /* Main.storyboard in Resources */ = {isa = PBXBuildFile; fileRef = CBFED66024A7EFEA0097B2A2 /* Main.storyboard */; };
		CBFED66424A7EFEC0097B2A2 /* Assets.xcassets in Resources */ = {isa = PBXBuildFile; fileRef = CBFED66324A7EFEC0097B2A2 /* Assets.xcassets */; };
		CBFED66724A7EFEC0097B2A2 /* LaunchScreen.storyboard in Resources */ = {isa = PBXBuildFile; fileRef = CBFED66524A7EFEC0097B2A2 /* LaunchScreen.storyboard */; };
		CBFED67224A7EFEC0097B2A2 /* news_iosTests.swift in Sources */ = {isa = PBXBuildFile; fileRef = CBFED67124A7EFEC0097B2A2 /* news_iosTests.swift */; };
		CBFED67D24A7EFEC0097B2A2 /* news_iosUITests.swift in Sources */ = {isa = PBXBuildFile; fileRef = CBFED67C24A7EFEC0097B2A2 /* news_iosUITests.swift */; };
		DD8E6E2D64495CE1041830E0 /* Pods_news_ios_news_iosUITests.framework in Frameworks */ = {isa = PBXBuildFile; fileRef = 320F3128A00E244EAED59919 /* Pods_news_ios_news_iosUITests.framework */; };
		FE79B498DD7ABF514BED3F87 /* Pods_news_ios.framework in Frameworks */ = {isa = PBXBuildFile; fileRef = C9E7B6E4E9601075ADAFEF38 /* Pods_news_ios.framework */; };
/* End PBXBuildFile section */

/* Begin PBXContainerItemProxy section */
		CBFED66E24A7EFEC0097B2A2 /* PBXContainerItemProxy */ = {
			isa = PBXContainerItemProxy;
			containerPortal = CBFED64F24A7EFEA0097B2A2 /* Project object */;
			proxyType = 1;
			remoteGlobalIDString = CBFED65624A7EFEA0097B2A2;
			remoteInfo = "news-ios";
		};
		CBFED67924A7EFEC0097B2A2 /* PBXContainerItemProxy */ = {
			isa = PBXContainerItemProxy;
			containerPortal = CBFED64F24A7EFEA0097B2A2 /* Project object */;
			proxyType = 1;
			remoteGlobalIDString = CBFED65624A7EFEA0097B2A2;
			remoteInfo = "news-ios";
		};
/* End PBXContainerItemProxy section */

/* Begin PBXFileReference section */
		320F3128A00E244EAED59919 /* Pods_news_ios_news_iosUITests.framework */ = {isa = PBXFileReference; explicitFileType = wrapper.framework; includeInIndex = 0; path = Pods_news_ios_news_iosUITests.framework; sourceTree = BUILT_PRODUCTS_DIR; };
		419C110E1A47DD0449BC1808 /* Pods-news-iosTests.debug.xcconfig */ = {isa = PBXFileReference; includeInIndex = 1; lastKnownFileType = text.xcconfig; name = "Pods-news-iosTests.debug.xcconfig"; path = "Target Support Files/Pods-news-iosTests/Pods-news-iosTests.debug.xcconfig"; sourceTree = "<group>"; };
		6547A25240E2A05B8B2D0209 /* Pods-news-iosTests.release.xcconfig */ = {isa = PBXFileReference; includeInIndex = 1; lastKnownFileType = text.xcconfig; name = "Pods-news-iosTests.release.xcconfig"; path = "Target Support Files/Pods-news-iosTests/Pods-news-iosTests.release.xcconfig"; sourceTree = "<group>"; };
		A00D254955C06D3B6BA241CE /* Pods-news-ios.release.xcconfig */ = {isa = PBXFileReference; includeInIndex = 1; lastKnownFileType = text.xcconfig; name = "Pods-news-ios.release.xcconfig"; path = "Target Support Files/Pods-news-ios/Pods-news-ios.release.xcconfig"; sourceTree = "<group>"; };
		A971E8E715319D3E6114FB5A /* Pods-news-ios-news-iosUITests.release.xcconfig */ = {isa = PBXFileReference; includeInIndex = 1; lastKnownFileType = text.xcconfig; name = "Pods-news-ios-news-iosUITests.release.xcconfig"; path = "Target Support Files/Pods-news-ios-news-iosUITests/Pods-news-ios-news-iosUITests.release.xcconfig"; sourceTree = "<group>"; };
		B4CF52149732EC146AE6F907 /* Pods-news-ios.debug.xcconfig */ = {isa = PBXFileReference; includeInIndex = 1; lastKnownFileType = text.xcconfig; name = "Pods-news-ios.debug.xcconfig"; path = "Target Support Files/Pods-news-ios/Pods-news-ios.debug.xcconfig"; sourceTree = "<group>"; };
		C6A6DB1DBE6385D33A8D9530 /* Pods_news_iosTests.framework */ = {isa = PBXFileReference; explicitFileType = wrapper.framework; includeInIndex = 0; path = Pods_news_iosTests.framework; sourceTree = BUILT_PRODUCTS_DIR; };
		C9E7B6E4E9601075ADAFEF38 /* Pods_news_ios.framework */ = {isa = PBXFileReference; explicitFileType = wrapper.framework; includeInIndex = 0; path = Pods_news_ios.framework; sourceTree = BUILT_PRODUCTS_DIR; };
		CBEDDE7224A7FDC100252979 /* FeedTableViewController.swift */ = {isa = PBXFileReference; lastKnownFileType = sourcecode.swift; path = FeedTableViewController.swift; sourceTree = "<group>"; };
		CBEDDE7624A7FFA400252979 /* MainTabBarController.swift */ = {isa = PBXFileReference; lastKnownFileType = sourcecode.swift; path = MainTabBarController.swift; sourceTree = "<group>"; };
		CBEDDE7824A7FFE200252979 /* ProfileViewController.swift */ = {isa = PBXFileReference; lastKnownFileType = sourcecode.swift; path = ProfileViewController.swift; sourceTree = "<group>"; };
		CBEDDE7B24A801D600252979 /* FeedTableViewCell.swift */ = {isa = PBXFileReference; lastKnownFileType = sourcecode.swift; path = FeedTableViewCell.swift; sourceTree = "<group>"; };
		CBEDDE8224A810EA00252979 /* Article.swift */ = {isa = PBXFileReference; lastKnownFileType = sourcecode.swift; path = Article.swift; sourceTree = "<group>"; };
		CBEDDE8524A8131000252979 /* Extensions.swift */ = {isa = PBXFileReference; lastKnownFileType = sourcecode.swift; path = Extensions.swift; sourceTree = "<group>"; };
		CBEDDE8724A81D7D00252979 /* GlobalState.swift */ = {isa = PBXFileReference; lastKnownFileType = sourcecode.swift; path = GlobalState.swift; sourceTree = "<group>"; };
		CBEDDE8924A81DD500252979 /* AlertActions.swift */ = {isa = PBXFileReference; lastKnownFileType = sourcecode.swift; path = AlertActions.swift; sourceTree = "<group>"; };
		CBEDDE8B24A82CCA00252979 /* API.swift */ = {isa = PBXFileReference; lastKnownFileType = sourcecode.swift; path = API.swift; sourceTree = "<group>"; };
		CBEDDE8F24A8393000252979 /* HistoryTableViewCell.swift */ = {isa = PBXFileReference; lastKnownFileType = sourcecode.swift; path = HistoryTableViewCell.swift; sourceTree = "<group>"; };
		CBFED65724A7EFEA0097B2A2 /* news-ios.app */ = {isa = PBXFileReference; explicitFileType = wrapper.application; includeInIndex = 0; path = "news-ios.app"; sourceTree = BUILT_PRODUCTS_DIR; };
		CBFED65A24A7EFEA0097B2A2 /* AppDelegate.swift */ = {isa = PBXFileReference; lastKnownFileType = sourcecode.swift; path = AppDelegate.swift; sourceTree = "<group>"; };
		CBFED65C24A7EFEA0097B2A2 /* SceneDelegate.swift */ = {isa = PBXFileReference; lastKnownFileType = sourcecode.swift; path = SceneDelegate.swift; sourceTree = "<group>"; };
		CBFED65E24A7EFEA0097B2A2 /* ViewController.swift */ = {isa = PBXFileReference; lastKnownFileType = sourcecode.swift; path = ViewController.swift; sourceTree = "<group>"; };
		CBFED66124A7EFEA0097B2A2 /* Base */ = {isa = PBXFileReference; lastKnownFileType = file.storyboard; name = Base; path = Base.lproj/Main.storyboard; sourceTree = "<group>"; };
		CBFED66324A7EFEC0097B2A2 /* Assets.xcassets */ = {isa = PBXFileReference; lastKnownFileType = folder.assetcatalog; path = Assets.xcassets; sourceTree = "<group>"; };
		CBFED66624A7EFEC0097B2A2 /* Base */ = {isa = PBXFileReference; lastKnownFileType = file.storyboard; name = Base; path = Base.lproj/LaunchScreen.storyboard; sourceTree = "<group>"; };
		CBFED66824A7EFEC0097B2A2 /* Info.plist */ = {isa = PBXFileReference; lastKnownFileType = text.plist.xml; path = Info.plist; sourceTree = "<group>"; };
		CBFED66D24A7EFEC0097B2A2 /* news-iosTests.xctest */ = {isa = PBXFileReference; explicitFileType = wrapper.cfbundle; includeInIndex = 0; path = "news-iosTests.xctest"; sourceTree = BUILT_PRODUCTS_DIR; };
		CBFED67124A7EFEC0097B2A2 /* news_iosTests.swift */ = {isa = PBXFileReference; lastKnownFileType = sourcecode.swift; path = news_iosTests.swift; sourceTree = "<group>"; };
		CBFED67324A7EFEC0097B2A2 /* Info.plist */ = {isa = PBXFileReference; lastKnownFileType = text.plist.xml; path = Info.plist; sourceTree = "<group>"; };
		CBFED67824A7EFEC0097B2A2 /* news-iosUITests.xctest */ = {isa = PBXFileReference; explicitFileType = wrapper.cfbundle; includeInIndex = 0; path = "news-iosUITests.xctest"; sourceTree = BUILT_PRODUCTS_DIR; };
		CBFED67C24A7EFEC0097B2A2 /* news_iosUITests.swift */ = {isa = PBXFileReference; lastKnownFileType = sourcecode.swift; path = news_iosUITests.swift; sourceTree = "<group>"; };
		CBFED67E24A7EFEC0097B2A2 /* Info.plist */ = {isa = PBXFileReference; lastKnownFileType = text.plist.xml; path = Info.plist; sourceTree = "<group>"; };
		D0E1118DE7142708D655449C /* Pods-news-ios-news-iosUITests.debug.xcconfig */ = {isa = PBXFileReference; includeInIndex = 1; lastKnownFileType = text.xcconfig; name = "Pods-news-ios-news-iosUITests.debug.xcconfig"; path = "Target Support Files/Pods-news-ios-news-iosUITests/Pods-news-ios-news-iosUITests.debug.xcconfig"; sourceTree = "<group>"; };
/* End PBXFileReference section */

/* Begin PBXFrameworksBuildPhase section */
		CBFED65424A7EFEA0097B2A2 /* Frameworks */ = {
			isa = PBXFrameworksBuildPhase;
			buildActionMask = 2147483647;
			files = (
				FE79B498DD7ABF514BED3F87 /* Pods_news_ios.framework in Frameworks */,
			);
			runOnlyForDeploymentPostprocessing = 0;
		};
		CBFED66A24A7EFEC0097B2A2 /* Frameworks */ = {
			isa = PBXFrameworksBuildPhase;
			buildActionMask = 2147483647;
			files = (
				AABE16E89F6B79AA233CFCBA /* Pods_news_iosTests.framework in Frameworks */,
			);
			runOnlyForDeploymentPostprocessing = 0;
		};
		CBFED67524A7EFEC0097B2A2 /* Frameworks */ = {
			isa = PBXFrameworksBuildPhase;
			buildActionMask = 2147483647;
			files = (
				DD8E6E2D64495CE1041830E0 /* Pods_news_ios_news_iosUITests.framework in Frameworks */,
			);
			runOnlyForDeploymentPostprocessing = 0;
		};
/* End PBXFrameworksBuildPhase section */

/* Begin PBXGroup section */
		CBEDDE7A24A801C100252979 /* FeedTable */ = {
			isa = PBXGroup;
			children = (
				CBEDDE7224A7FDC100252979 /* FeedTableViewController.swift */,
				CBEDDE7B24A801D600252979 /* FeedTableViewCell.swift */,
			);
			path = FeedTable;
			sourceTree = "<group>";
		};
		CBEDDE8424A812F800252979 /* Util */ = {
			isa = PBXGroup;
			children = (
				CBEDDE8224A810EA00252979 /* Article.swift */,
				CBEDDE8524A8131000252979 /* Extensions.swift */,
				CBEDDE8724A81D7D00252979 /* GlobalState.swift */,
				CBEDDE8924A81DD500252979 /* AlertActions.swift */,
				CBEDDE8B24A82CCA00252979 /* API.swift */,
			);
			path = Util;
			sourceTree = "<group>";
		};
		CBEDDE8E24A8350100252979 /* Profile */ = {
			isa = PBXGroup;
			children = (
				CBEDDE7824A7FFE200252979 /* ProfileViewController.swift */,
				CBEDDE8F24A8393000252979 /* HistoryTableViewCell.swift */,
			);
			path = Profile;
			sourceTree = "<group>";
		};
		CBFED64E24A7EFEA0097B2A2 = {
			isa = PBXGroup;
			children = (
				CBFED65924A7EFEA0097B2A2 /* news-ios */,
				CBFED67024A7EFEC0097B2A2 /* news-iosTests */,
				CBFED67B24A7EFEC0097B2A2 /* news-iosUITests */,
				CBFED65824A7EFEA0097B2A2 /* Products */,
				E457F16955563F87412A1254 /* Pods */,
				CCA7E8E226252C46FFABB6C3 /* Frameworks */,
			);
			sourceTree = "<group>";
		};
		CBFED65824A7EFEA0097B2A2 /* Products */ = {
			isa = PBXGroup;
			children = (
				CBFED65724A7EFEA0097B2A2 /* news-ios.app */,
				CBFED66D24A7EFEC0097B2A2 /* news-iosTests.xctest */,
				CBFED67824A7EFEC0097B2A2 /* news-iosUITests.xctest */,
			);
			name = Products;
			sourceTree = "<group>";
		};
		CBFED65924A7EFEA0097B2A2 /* news-ios */ = {
			isa = PBXGroup;
			children = (
				CBEDDE8E24A8350100252979 /* Profile */,
				CBEDDE8424A812F800252979 /* Util */,
				CBEDDE7A24A801C100252979 /* FeedTable */,
				CBFED65A24A7EFEA0097B2A2 /* AppDelegate.swift */,
				CBFED65C24A7EFEA0097B2A2 /* SceneDelegate.swift */,
				CBFED65E24A7EFEA0097B2A2 /* ViewController.swift */,
				CBFED66024A7EFEA0097B2A2 /* Main.storyboard */,
				CBFED66324A7EFEC0097B2A2 /* Assets.xcassets */,
				CBFED66524A7EFEC0097B2A2 /* LaunchScreen.storyboard */,
				CBFED66824A7EFEC0097B2A2 /* Info.plist */,
				CBEDDE7624A7FFA400252979 /* MainTabBarController.swift */,
			);
			path = "news-ios";
			sourceTree = "<group>";
		};
		CBFED67024A7EFEC0097B2A2 /* news-iosTests */ = {
			isa = PBXGroup;
			children = (
				CBFED67124A7EFEC0097B2A2 /* news_iosTests.swift */,
				CBFED67324A7EFEC0097B2A2 /* Info.plist */,
			);
			path = "news-iosTests";
			sourceTree = "<group>";
		};
		CBFED67B24A7EFEC0097B2A2 /* news-iosUITests */ = {
			isa = PBXGroup;
			children = (
				CBFED67C24A7EFEC0097B2A2 /* news_iosUITests.swift */,
				CBFED67E24A7EFEC0097B2A2 /* Info.plist */,
			);
			path = "news-iosUITests";
			sourceTree = "<group>";
		};
		CCA7E8E226252C46FFABB6C3 /* Frameworks */ = {
			isa = PBXGroup;
			children = (
				C9E7B6E4E9601075ADAFEF38 /* Pods_news_ios.framework */,
				320F3128A00E244EAED59919 /* Pods_news_ios_news_iosUITests.framework */,
				C6A6DB1DBE6385D33A8D9530 /* Pods_news_iosTests.framework */,
			);
			name = Frameworks;
			sourceTree = "<group>";
		};
		E457F16955563F87412A1254 /* Pods */ = {
			isa = PBXGroup;
			children = (
				B4CF52149732EC146AE6F907 /* Pods-news-ios.debug.xcconfig */,
				A00D254955C06D3B6BA241CE /* Pods-news-ios.release.xcconfig */,
				D0E1118DE7142708D655449C /* Pods-news-ios-news-iosUITests.debug.xcconfig */,
				A971E8E715319D3E6114FB5A /* Pods-news-ios-news-iosUITests.release.xcconfig */,
				419C110E1A47DD0449BC1808 /* Pods-news-iosTests.debug.xcconfig */,
				6547A25240E2A05B8B2D0209 /* Pods-news-iosTests.release.xcconfig */,
			);
			name = Pods;
			path = Pods;
			sourceTree = "<group>";
		};
/* End PBXGroup section */

/* Begin PBXNativeTarget section */
		CBFED65624A7EFEA0097B2A2 /* news-ios */ = {
			isa = PBXNativeTarget;
			buildConfigurationList = CBFED68124A7EFEC0097B2A2 /* Build configuration list for PBXNativeTarget "news-ios" */;
			buildPhases = (
				5D7A98213B5A7BF5D8FB0298 /* [CP] Check Pods Manifest.lock */,
				CBFED65324A7EFEA0097B2A2 /* Sources */,
				CBFED65424A7EFEA0097B2A2 /* Frameworks */,
				CBFED65524A7EFEA0097B2A2 /* Resources */,
				64A66D04F546F58FFBE5003B /* [CP] Embed Pods Frameworks */,
			);
			buildRules = (
			);
			dependencies = (
			);
			name = "news-ios";
			productName = "news-ios";
			productReference = CBFED65724A7EFEA0097B2A2 /* news-ios.app */;
			productType = "com.apple.product-type.application";
		};
		CBFED66C24A7EFEC0097B2A2 /* news-iosTests */ = {
			isa = PBXNativeTarget;
			buildConfigurationList = CBFED68424A7EFEC0097B2A2 /* Build configuration list for PBXNativeTarget "news-iosTests" */;
			buildPhases = (
				5E216795FD3A569DB121E456 /* [CP] Check Pods Manifest.lock */,
				CBFED66924A7EFEC0097B2A2 /* Sources */,
				CBFED66A24A7EFEC0097B2A2 /* Frameworks */,
				CBFED66B24A7EFEC0097B2A2 /* Resources */,
			);
			buildRules = (
			);
			dependencies = (
				CBFED66F24A7EFEC0097B2A2 /* PBXTargetDependency */,
			);
			name = "news-iosTests";
			productName = "news-iosTests";
			productReference = CBFED66D24A7EFEC0097B2A2 /* news-iosTests.xctest */;
			productType = "com.apple.product-type.bundle.unit-test";
		};
		CBFED67724A7EFEC0097B2A2 /* news-iosUITests */ = {
			isa = PBXNativeTarget;
			buildConfigurationList = CBFED68724A7EFEC0097B2A2 /* Build configuration list for PBXNativeTarget "news-iosUITests" */;
			buildPhases = (
				F42283D070FAC8C2E5625EBD /* [CP] Check Pods Manifest.lock */,
				CBFED67424A7EFEC0097B2A2 /* Sources */,
				CBFED67524A7EFEC0097B2A2 /* Frameworks */,
				CBFED67624A7EFEC0097B2A2 /* Resources */,
				805CFD0A64FC0886516C7A88 /* [CP] Embed Pods Frameworks */,
			);
			buildRules = (
			);
			dependencies = (
				CBFED67A24A7EFEC0097B2A2 /* PBXTargetDependency */,
			);
			name = "news-iosUITests";
			productName = "news-iosUITests";
			productReference = CBFED67824A7EFEC0097B2A2 /* news-iosUITests.xctest */;
			productType = "com.apple.product-type.bundle.ui-testing";
		};
/* End PBXNativeTarget section */

/* Begin PBXProject section */
		CBFED64F24A7EFEA0097B2A2 /* Project object */ = {
			isa = PBXProject;
			attributes = {
				LastSwiftUpdateCheck = 1150;
				LastUpgradeCheck = 1150;
				ORGANIZATIONNAME = "Daniel Truong";
				TargetAttributes = {
					CBFED65624A7EFEA0097B2A2 = {
						CreatedOnToolsVersion = 11.5;
					};
					CBFED66C24A7EFEC0097B2A2 = {
						CreatedOnToolsVersion = 11.5;
						TestTargetID = CBFED65624A7EFEA0097B2A2;
					};
					CBFED67724A7EFEC0097B2A2 = {
						CreatedOnToolsVersion = 11.5;
						TestTargetID = CBFED65624A7EFEA0097B2A2;
					};
				};
			};
			buildConfigurationList = CBFED65224A7EFEA0097B2A2 /* Build configuration list for PBXProject "news-ios" */;
			compatibilityVersion = "Xcode 9.3";
			developmentRegion = en;
			hasScannedForEncodings = 0;
			knownRegions = (
				en,
				Base,
			);
			mainGroup = CBFED64E24A7EFEA0097B2A2;
			productRefGroup = CBFED65824A7EFEA0097B2A2 /* Products */;
			projectDirPath = "";
			projectRoot = "";
			targets = (
				CBFED65624A7EFEA0097B2A2 /* news-ios */,
				CBFED66C24A7EFEC0097B2A2 /* news-iosTests */,
				CBFED67724A7EFEC0097B2A2 /* news-iosUITests */,
			);
		};
/* End PBXProject section */

/* Begin PBXResourcesBuildPhase section */
		CBFED65524A7EFEA0097B2A2 /* Resources */ = {
			isa = PBXResourcesBuildPhase;
			buildActionMask = 2147483647;
			files = (
				CBFED66724A7EFEC0097B2A2 /* LaunchScreen.storyboard in Resources */,
				CBFED66424A7EFEC0097B2A2 /* Assets.xcassets in Resources */,
				CBFED66224A7EFEA0097B2A2 /* Main.storyboard in Resources */,
			);
			runOnlyForDeploymentPostprocessing = 0;
		};
		CBFED66B24A7EFEC0097B2A2 /* Resources */ = {
			isa = PBXResourcesBuildPhase;
			buildActionMask = 2147483647;
			files = (
			);
			runOnlyForDeploymentPostprocessing = 0;
		};
		CBFED67624A7EFEC0097B2A2 /* Resources */ = {
			isa = PBXResourcesBuildPhase;
			buildActionMask = 2147483647;
			files = (
			);
			runOnlyForDeploymentPostprocessing = 0;
		};
/* End PBXResourcesBuildPhase section */

/* Begin PBXShellScriptBuildPhase section */
		5D7A98213B5A7BF5D8FB0298 /* [CP] Check Pods Manifest.lock */ = {
			isa = PBXShellScriptBuildPhase;
			buildActionMask = 2147483647;
			files = (
			);
			inputFileListPaths = (
			);
			inputPaths = (
				"${PODS_PODFILE_DIR_PATH}/Podfile.lock",
				"${PODS_ROOT}/Manifest.lock",
			);
			name = "[CP] Check Pods Manifest.lock";
			outputFileListPaths = (
			);
			outputPaths = (
				"$(DERIVED_FILE_DIR)/Pods-news-ios-checkManifestLockResult.txt",
			);
			runOnlyForDeploymentPostprocessing = 0;
			shellPath = /bin/sh;
			shellScript = "diff \"${PODS_PODFILE_DIR_PATH}/Podfile.lock\" \"${PODS_ROOT}/Manifest.lock\" > /dev/null\nif [ $? != 0 ] ; then\n    # print error to STDERR\n    echo \"error: The sandbox is not in sync with the Podfile.lock. Run 'pod install' or update your CocoaPods installation.\" >&2\n    exit 1\nfi\n# This output is used by Xcode 'outputs' to avoid re-running this script phase.\necho \"SUCCESS\" > \"${SCRIPT_OUTPUT_FILE_0}\"\n";
			showEnvVarsInLog = 0;
		};
		5E216795FD3A569DB121E456 /* [CP] Check Pods Manifest.lock */ = {
			isa = PBXShellScriptBuildPhase;
			buildActionMask = 2147483647;
			files = (
			);
			inputFileListPaths = (
			);
			inputPaths = (
				"${PODS_PODFILE_DIR_PATH}/Podfile.lock",
				"${PODS_ROOT}/Manifest.lock",
			);
			name = "[CP] Check Pods Manifest.lock";
			outputFileListPaths = (
			);
			outputPaths = (
				"$(DERIVED_FILE_DIR)/Pods-news-iosTests-checkManifestLockResult.txt",
			);
			runOnlyForDeploymentPostprocessing = 0;
			shellPath = /bin/sh;
			shellScript = "diff \"${PODS_PODFILE_DIR_PATH}/Podfile.lock\" \"${PODS_ROOT}/Manifest.lock\" > /dev/null\nif [ $? != 0 ] ; then\n    # print error to STDERR\n    echo \"error: The sandbox is not in sync with the Podfile.lock. Run 'pod install' or update your CocoaPods installation.\" >&2\n    exit 1\nfi\n# This output is used by Xcode 'outputs' to avoid re-running this script phase.\necho \"SUCCESS\" > \"${SCRIPT_OUTPUT_FILE_0}\"\n";
			showEnvVarsInLog = 0;
		};
		64A66D04F546F58FFBE5003B /* [CP] Embed Pods Frameworks */ = {
			isa = PBXShellScriptBuildPhase;
			buildActionMask = 2147483647;
			files = (
			);
			inputFileListPaths = (
				"${PODS_ROOT}/Target Support Files/Pods-news-ios/Pods-news-ios-frameworks-${CONFIGURATION}-input-files.xcfilelist",
			);
			name = "[CP] Embed Pods Frameworks";
			outputFileListPaths = (
				"${PODS_ROOT}/Target Support Files/Pods-news-ios/Pods-news-ios-frameworks-${CONFIGURATION}-output-files.xcfilelist",
			);
			runOnlyForDeploymentPostprocessing = 0;
			shellPath = /bin/sh;
			shellScript = "\"${PODS_ROOT}/Target Support Files/Pods-news-ios/Pods-news-ios-frameworks.sh\"\n";
			showEnvVarsInLog = 0;
		};
		805CFD0A64FC0886516C7A88 /* [CP] Embed Pods Frameworks */ = {
			isa = PBXShellScriptBuildPhase;
			buildActionMask = 2147483647;
			files = (
			);
			inputFileListPaths = (
				"${PODS_ROOT}/Target Support Files/Pods-news-ios-news-iosUITests/Pods-news-ios-news-iosUITests-frameworks-${CONFIGURATION}-input-files.xcfilelist",
			);
			name = "[CP] Embed Pods Frameworks";
			outputFileListPaths = (
				"${PODS_ROOT}/Target Support Files/Pods-news-ios-news-iosUITests/Pods-news-ios-news-iosUITests-frameworks-${CONFIGURATION}-output-files.xcfilelist",
			);
			runOnlyForDeploymentPostprocessing = 0;
			shellPath = /bin/sh;
			shellScript = "\"${PODS_ROOT}/Target Support Files/Pods-news-ios-news-iosUITests/Pods-news-ios-news-iosUITests-frameworks.sh\"\n";
			showEnvVarsInLog = 0;
		};
		F42283D070FAC8C2E5625EBD /* [CP] Check Pods Manifest.lock */ = {
			isa = PBXShellScriptBuildPhase;
			buildActionMask = 2147483647;
			files = (
			);
			inputFileListPaths = (
			);
			inputPaths = (
				"${PODS_PODFILE_DIR_PATH}/Podfile.lock",
				"${PODS_ROOT}/Manifest.lock",
			);
			name = "[CP] Check Pods Manifest.lock";
			outputFileListPaths = (
			);
			outputPaths = (
				"$(DERIVED_FILE_DIR)/Pods-news-ios-news-iosUITests-checkManifestLockResult.txt",
			);
			runOnlyForDeploymentPostprocessing = 0;
			shellPath = /bin/sh;
			shellScript = "diff \"${PODS_PODFILE_DIR_PATH}/Podfile.lock\" \"${PODS_ROOT}/Manifest.lock\" > /dev/null\nif [ $? != 0 ] ; then\n    # print error to STDERR\n    echo \"error: The sandbox is not in sync with the Podfile.lock. Run 'pod install' or update your CocoaPods installation.\" >&2\n    exit 1\nfi\n# This output is used by Xcode 'outputs' to avoid re-running this script phase.\necho \"SUCCESS\" > \"${SCRIPT_OUTPUT_FILE_0}\"\n";
			showEnvVarsInLog = 0;
		};
/* End PBXShellScriptBuildPhase section */

/* Begin PBXSourcesBuildPhase section */
		CBFED65324A7EFEA0097B2A2 /* Sources */ = {
			isa = PBXSourcesBuildPhase;
			buildActionMask = 2147483647;
			files = (
				CBEDDE8A24A81DD500252979 /* AlertActions.swift in Sources */,
				CBEDDE7924A7FFE200252979 /* ProfileViewController.swift in Sources */,
				CBEDDE9024A8393000252979 /* HistoryTableViewCell.swift in Sources */,
				CBEDDE8624A8131000252979 /* Extensions.swift in Sources */,
				CBFED65F24A7EFEA0097B2A2 /* ViewController.swift in Sources */,
				CBEDDE7C24A801D600252979 /* FeedTableViewCell.swift in Sources */,
				CBFED65B24A7EFEA0097B2A2 /* AppDelegate.swift in Sources */,
				CBEDDE8324A810EA00252979 /* Article.swift in Sources */,
				CBEDDE8824A81D7D00252979 /* GlobalState.swift in Sources */,
				CBEDDE7724A7FFA400252979 /* MainTabBarController.swift in Sources */,
				CBFED65D24A7EFEA0097B2A2 /* SceneDelegate.swift in Sources */,
				CBEDDE8C24A82CCA00252979 /* API.swift in Sources */,
				CBEDDE7324A7FDC100252979 /* FeedTableViewController.swift in Sources */,
			);
			runOnlyForDeploymentPostprocessing = 0;
		};
		CBFED66924A7EFEC0097B2A2 /* Sources */ = {
			isa = PBXSourcesBuildPhase;
			buildActionMask = 2147483647;
			files = (
				CBFED67224A7EFEC0097B2A2 /* news_iosTests.swift in Sources */,
			);
			runOnlyForDeploymentPostprocessing = 0;
		};
		CBFED67424A7EFEC0097B2A2 /* Sources */ = {
			isa = PBXSourcesBuildPhase;
			buildActionMask = 2147483647;
			files = (
				CBFED67D24A7EFEC0097B2A2 /* news_iosUITests.swift in Sources */,
			);
			runOnlyForDeploymentPostprocessing = 0;
		};
/* End PBXSourcesBuildPhase section */

/* Begin PBXTargetDependency section */
		CBFED66F24A7EFEC0097B2A2 /* PBXTargetDependency */ = {
			isa = PBXTargetDependency;
			target = CBFED65624A7EFEA0097B2A2 /* news-ios */;
			targetProxy = CBFED66E24A7EFEC0097B2A2 /* PBXContainerItemProxy */;
		};
		CBFED67A24A7EFEC0097B2A2 /* PBXTargetDependency */ = {
			isa = PBXTargetDependency;
			target = CBFED65624A7EFEA0097B2A2 /* news-ios */;
			targetProxy = CBFED67924A7EFEC0097B2A2 /* PBXContainerItemProxy */;
		};
/* End PBXTargetDependency section */

/* Begin PBXVariantGroup section */
		CBFED66024A7EFEA0097B2A2 /* Main.storyboard */ = {
			isa = PBXVariantGroup;
			children = (
				CBFED66124A7EFEA0097B2A2 /* Base */,
			);
			name = Main.storyboard;
			sourceTree = "<group>";
		};
		CBFED66524A7EFEC0097B2A2 /* LaunchScreen.storyboard */ = {
			isa = PBXVariantGroup;
			children = (
				CBFED66624A7EFEC0097B2A2 /* Base */,
			);
			name = LaunchScreen.storyboard;
			sourceTree = "<group>";
		};
/* End PBXVariantGroup section */

/* Begin XCBuildConfiguration section */
		CBFED67F24A7EFEC0097B2A2 /* Debug */ = {
			isa = XCBuildConfiguration;
			buildSettings = {
				ALWAYS_SEARCH_USER_PATHS = NO;
				CLANG_ANALYZER_NONNULL = YES;
				CLANG_ANALYZER_NUMBER_OBJECT_CONVERSION = YES_AGGRESSIVE;
				CLANG_CXX_LANGUAGE_STANDARD = "gnu++14";
				CLANG_CXX_LIBRARY = "libc++";
				CLANG_ENABLE_MODULES = YES;
				CLANG_ENABLE_OBJC_ARC = YES;
				CLANG_ENABLE_OBJC_WEAK = YES;
				CLANG_WARN_BLOCK_CAPTURE_AUTORELEASING = YES;
				CLANG_WARN_BOOL_CONVERSION = YES;
				CLANG_WARN_COMMA = YES;
				CLANG_WARN_CONSTANT_CONVERSION = YES;
				CLANG_WARN_DEPRECATED_OBJC_IMPLEMENTATIONS = YES;
				CLANG_WARN_DIRECT_OBJC_ISA_USAGE = YES_ERROR;
				CLANG_WARN_DOCUMENTATION_COMMENTS = YES;
				CLANG_WARN_EMPTY_BODY = YES;
				CLANG_WARN_ENUM_CONVERSION = YES;
				CLANG_WARN_INFINITE_RECURSION = YES;
				CLANG_WARN_INT_CONVERSION = YES;
				CLANG_WARN_NON_LITERAL_NULL_CONVERSION = YES;
				CLANG_WARN_OBJC_IMPLICIT_RETAIN_SELF = YES;
				CLANG_WARN_OBJC_LITERAL_CONVERSION = YES;
				CLANG_WARN_OBJC_ROOT_CLASS = YES_ERROR;
				CLANG_WARN_RANGE_LOOP_ANALYSIS = YES;
				CLANG_WARN_STRICT_PROTOTYPES = YES;
				CLANG_WARN_SUSPICIOUS_MOVE = YES;
				CLANG_WARN_UNGUARDED_AVAILABILITY = YES_AGGRESSIVE;
				CLANG_WARN_UNREACHABLE_CODE = YES;
				CLANG_WARN__DUPLICATE_METHOD_MATCH = YES;
				COPY_PHASE_STRIP = NO;
				DEBUG_INFORMATION_FORMAT = dwarf;
				ENABLE_STRICT_OBJC_MSGSEND = YES;
				ENABLE_TESTABILITY = YES;
				GCC_C_LANGUAGE_STANDARD = gnu11;
				GCC_DYNAMIC_NO_PIC = NO;
				GCC_NO_COMMON_BLOCKS = YES;
				GCC_OPTIMIZATION_LEVEL = 0;
				GCC_PREPROCESSOR_DEFINITIONS = (
					"DEBUG=1",
					"$(inherited)",
				);
				GCC_WARN_64_TO_32_BIT_CONVERSION = YES;
				GCC_WARN_ABOUT_RETURN_TYPE = YES_ERROR;
				GCC_WARN_UNDECLARED_SELECTOR = YES;
				GCC_WARN_UNINITIALIZED_AUTOS = YES_AGGRESSIVE;
				GCC_WARN_UNUSED_FUNCTION = YES;
				GCC_WARN_UNUSED_VARIABLE = YES;
				IPHONEOS_DEPLOYMENT_TARGET = 13.5;
				MTL_ENABLE_DEBUG_INFO = INCLUDE_SOURCE;
				MTL_FAST_MATH = YES;
				ONLY_ACTIVE_ARCH = YES;
				SDKROOT = iphoneos;
				SWIFT_ACTIVE_COMPILATION_CONDITIONS = DEBUG;
				SWIFT_OPTIMIZATION_LEVEL = "-Onone";
			};
			name = Debug;
		};
		CBFED68024A7EFEC0097B2A2 /* Release */ = {
			isa = XCBuildConfiguration;
			buildSettings = {
				ALWAYS_SEARCH_USER_PATHS = NO;
				CLANG_ANALYZER_NONNULL = YES;
				CLANG_ANALYZER_NUMBER_OBJECT_CONVERSION = YES_AGGRESSIVE;
				CLANG_CXX_LANGUAGE_STANDARD = "gnu++14";
				CLANG_CXX_LIBRARY = "libc++";
				CLANG_ENABLE_MODULES = YES;
				CLANG_ENABLE_OBJC_ARC = YES;
				CLANG_ENABLE_OBJC_WEAK = YES;
				CLANG_WARN_BLOCK_CAPTURE_AUTORELEASING = YES;
				CLANG_WARN_BOOL_CONVERSION = YES;
				CLANG_WARN_COMMA = YES;
				CLANG_WARN_CONSTANT_CONVERSION = YES;
				CLANG_WARN_DEPRECATED_OBJC_IMPLEMENTATIONS = YES;
				CLANG_WARN_DIRECT_OBJC_ISA_USAGE = YES_ERROR;
				CLANG_WARN_DOCUMENTATION_COMMENTS = YES;
				CLANG_WARN_EMPTY_BODY = YES;
				CLANG_WARN_ENUM_CONVERSION = YES;
				CLANG_WARN_INFINITE_RECURSION = YES;
				CLANG_WARN_INT_CONVERSION = YES;
				CLANG_WARN_NON_LITERAL_NULL_CONVERSION = YES;
				CLANG_WARN_OBJC_IMPLICIT_RETAIN_SELF = YES;
				CLANG_WARN_OBJC_LITERAL_CONVERSION = YES;
				CLANG_WARN_OBJC_ROOT_CLASS = YES_ERROR;
				CLANG_WARN_RANGE_LOOP_ANALYSIS = YES;
				CLANG_WARN_STRICT_PROTOTYPES = YES;
				CLANG_WARN_SUSPICIOUS_MOVE = YES;
				CLANG_WARN_UNGUARDED_AVAILABILITY = YES_AGGRESSIVE;
				CLANG_WARN_UNREACHABLE_CODE = YES;
				CLANG_WARN__DUPLICATE_METHOD_MATCH = YES;
				COPY_PHASE_STRIP = NO;
				DEBUG_INFORMATION_FORMAT = "dwarf-with-dsym";
				ENABLE_NS_ASSERTIONS = NO;
				ENABLE_STRICT_OBJC_MSGSEND = YES;
				GCC_C_LANGUAGE_STANDARD = gnu11;
				GCC_NO_COMMON_BLOCKS = YES;
				GCC_WARN_64_TO_32_BIT_CONVERSION = YES;
				GCC_WARN_ABOUT_RETURN_TYPE = YES_ERROR;
				GCC_WARN_UNDECLARED_SELECTOR = YES;
				GCC_WARN_UNINITIALIZED_AUTOS = YES_AGGRESSIVE;
				GCC_WARN_UNUSED_FUNCTION = YES;
				GCC_WARN_UNUSED_VARIABLE = YES;
				IPHONEOS_DEPLOYMENT_TARGET = 13.5;
				MTL_ENABLE_DEBUG_INFO = NO;
				MTL_FAST_MATH = YES;
				SDKROOT = iphoneos;
				SWIFT_COMPILATION_MODE = wholemodule;
				SWIFT_OPTIMIZATION_LEVEL = "-O";
				VALIDATE_PRODUCT = YES;
			};
			name = Release;
		};
		CBFED68224A7EFEC0097B2A2 /* Debug */ = {
			isa = XCBuildConfiguration;
			baseConfigurationReference = B4CF52149732EC146AE6F907 /* Pods-news-ios.debug.xcconfig */;
			buildSettings = {
				ASSETCATALOG_COMPILER_APPICON_NAME = AppIcon;
				CODE_SIGN_STYLE = Automatic;
				DEVELOPMENT_TEAM = UT46Q8ZZ92;
				INFOPLIST_FILE = "news-ios/Info.plist";
				LD_RUNPATH_SEARCH_PATHS = (
					"$(inherited)",
					"@executable_path/Frameworks",
				);
				PRODUCT_BUNDLE_IDENTIFIER = "daniel.truong.news-ios";
				PRODUCT_NAME = "$(TARGET_NAME)";
				SWIFT_VERSION = 5.0;
				TARGETED_DEVICE_FAMILY = "1,2";
			};
			name = Debug;
		};
		CBFED68324A7EFEC0097B2A2 /* Release */ = {
			isa = XCBuildConfiguration;
			baseConfigurationReference = A00D254955C06D3B6BA241CE /* Pods-news-ios.release.xcconfig */;
			buildSettings = {
				ASSETCATALOG_COMPILER_APPICON_NAME = AppIcon;
				CODE_SIGN_STYLE = Automatic;
				DEVELOPMENT_TEAM = UT46Q8ZZ92;
				INFOPLIST_FILE = "news-ios/Info.plist";
				LD_RUNPATH_SEARCH_PATHS = (
					"$(inherited)",
					"@executable_path/Frameworks",
				);
				PRODUCT_BUNDLE_IDENTIFIER = "daniel.truong.news-ios";
				PRODUCT_NAME = "$(TARGET_NAME)";
				SWIFT_VERSION = 5.0;
				TARGETED_DEVICE_FAMILY = "1,2";
			};
			name = Release;
		};
		CBFED68524A7EFEC0097B2A2 /* Debug */ = {
			isa = XCBuildConfiguration;
			baseConfigurationReference = 419C110E1A47DD0449BC1808 /* Pods-news-iosTests.debug.xcconfig */;
			buildSettings = {
				ALWAYS_EMBED_SWIFT_STANDARD_LIBRARIES = YES;
				BUNDLE_LOADER = "$(TEST_HOST)";
				CODE_SIGN_STYLE = Automatic;
				DEVELOPMENT_TEAM = UT46Q8ZZ92;
				INFOPLIST_FILE = "news-iosTests/Info.plist";
				IPHONEOS_DEPLOYMENT_TARGET = 13.5;
				LD_RUNPATH_SEARCH_PATHS = (
					"$(inherited)",
					"@executable_path/Frameworks",
					"@loader_path/Frameworks",
				);
				PRODUCT_BUNDLE_IDENTIFIER = "daniel.truong.news-iosTests";
				PRODUCT_NAME = "$(TARGET_NAME)";
				SWIFT_VERSION = 5.0;
				TARGETED_DEVICE_FAMILY = "1,2";
				TEST_HOST = "$(BUILT_PRODUCTS_DIR)/news-ios.app/news-ios";
			};
			name = Debug;
		};
		CBFED68624A7EFEC0097B2A2 /* Release */ = {
			isa = XCBuildConfiguration;
			baseConfigurationReference = 6547A25240E2A05B8B2D0209 /* Pods-news-iosTests.release.xcconfig */;
			buildSettings = {
				ALWAYS_EMBED_SWIFT_STANDARD_LIBRARIES = YES;
				BUNDLE_LOADER = "$(TEST_HOST)";
				CODE_SIGN_STYLE = Automatic;
				DEVELOPMENT_TEAM = UT46Q8ZZ92;
				INFOPLIST_FILE = "news-iosTests/Info.plist";
				IPHONEOS_DEPLOYMENT_TARGET = 13.5;
				LD_RUNPATH_SEARCH_PATHS = (
					"$(inherited)",
					"@executable_path/Frameworks",
					"@loader_path/Frameworks",
				);
				PRODUCT_BUNDLE_IDENTIFIER = "daniel.truong.news-iosTests";
				PRODUCT_NAME = "$(TARGET_NAME)";
				SWIFT_VERSION = 5.0;
				TARGETED_DEVICE_FAMILY = "1,2";
				TEST_HOST = "$(BUILT_PRODUCTS_DIR)/news-ios.app/news-ios";
			};
			name = Release;
		};
		CBFED68824A7EFEC0097B2A2 /* Debug */ = {
			isa = XCBuildConfiguration;
			baseConfigurationReference = D0E1118DE7142708D655449C /* Pods-news-ios-news-iosUITests.debug.xcconfig */;
			buildSettings = {
				ALWAYS_EMBED_SWIFT_STANDARD_LIBRARIES = YES;
				CODE_SIGN_STYLE = Automatic;
				DEVELOPMENT_TEAM = UT46Q8ZZ92;
				INFOPLIST_FILE = "news-iosUITests/Info.plist";
				LD_RUNPATH_SEARCH_PATHS = (
					"$(inherited)",
					"@executable_path/Frameworks",
					"@loader_path/Frameworks",
				);
				PRODUCT_BUNDLE_IDENTIFIER = "daniel.truong.news-iosUITests";
				PRODUCT_NAME = "$(TARGET_NAME)";
				SWIFT_VERSION = 5.0;
				TARGETED_DEVICE_FAMILY = "1,2";
				TEST_TARGET_NAME = "news-ios";
			};
			name = Debug;
		};
		CBFED68924A7EFEC0097B2A2 /* Release */ = {
			isa = XCBuildConfiguration;
			baseConfigurationReference = A971E8E715319D3E6114FB5A /* Pods-news-ios-news-iosUITests.release.xcconfig */;
			buildSettings = {
				ALWAYS_EMBED_SWIFT_STANDARD_LIBRARIES = YES;
				CODE_SIGN_STYLE = Automatic;
				DEVELOPMENT_TEAM = UT46Q8ZZ92;
				INFOPLIST_FILE = "news-iosUITests/Info.plist";
				LD_RUNPATH_SEARCH_PATHS = (
					"$(inherited)",
					"@executable_path/Frameworks",
					"@loader_path/Frameworks",
				);
				PRODUCT_BUNDLE_IDENTIFIER = "daniel.truong.news-iosUITests";
				PRODUCT_NAME = "$(TARGET_NAME)";
				SWIFT_VERSION = 5.0;
				TARGETED_DEVICE_FAMILY = "1,2";
				TEST_TARGET_NAME = "news-ios";
			};
			name = Release;
		};
/* End XCBuildConfiguration section */

/* Begin XCConfigurationList section */
		CBFED65224A7EFEA0097B2A2 /* Build configuration list for PBXProject "news-ios" */ = {
			isa = XCConfigurationList;
			buildConfigurations = (
				CBFED67F24A7EFEC0097B2A2 /* Debug */,
				CBFED68024A7EFEC0097B2A2 /* Release */,
			);
			defaultConfigurationIsVisible = 0;
			defaultConfigurationName = Release;
		};
		CBFED68124A7EFEC0097B2A2 /* Build configuration list for PBXNativeTarget "news-ios" */ = {
			isa = XCConfigurationList;
			buildConfigurations = (
				CBFED68224A7EFEC0097B2A2 /* Debug */,
				CBFED68324A7EFEC0097B2A2 /* Release */,
			);
			defaultConfigurationIsVisible = 0;
			defaultConfigurationName = Release;
		};
		CBFED68424A7EFEC0097B2A2 /* Build configuration list for PBXNativeTarget "news-iosTests" */ = {
			isa = XCConfigurationList;
			buildConfigurations = (
				CBFED68524A7EFEC0097B2A2 /* Debug */,
				CBFED68624A7EFEC0097B2A2 /* Release */,
			);
			defaultConfigurationIsVisible = 0;
			defaultConfigurationName = Release;
		};
		CBFED68724A7EFEC0097B2A2 /* Build configuration list for PBXNativeTarget "news-iosUITests" */ = {
			isa = XCConfigurationList;
			buildConfigurations = (
				CBFED68824A7EFEC0097B2A2 /* Debug */,
				CBFED68924A7EFEC0097B2A2 /* Release */,
			);
			defaultConfigurationIsVisible = 0;
			defaultConfigurationName = Release;
		};
/* End XCConfigurationList section */
	};
	rootObject = CBFED64F24A7EFEA0097B2A2 /* Project object */;
}
